
Microsoft Visual Studio Solution File, Format Version 12.00
# Visual Studio Version 16
VisualStudioVersion = 16.0.30114.105
MinimumVisualStudioVersion = 10.0.40219.1
Project("{2150E333-8FDC-42A3-9474-1A3956D46DE8}") = "src", "src", "{170EBFB8-CBFD-482B-8499-F750BE9555F1}"
EndProject
Project("{2150E333-8FDC-42A3-9474-1A3956D46DE8}") = "host", "host", "{590F6D76-0705-46CE-BE04-3C7D8D2C5E65}"
EndProject
Project("{9A19103F-16F7-4668-BE54-9A1E7A4F7556}") = "Laison.Lapis.Shared", "src\Laison.Lapis.Shared\Laison.Lapis.Shared.csproj", "{77636A27-D1EC-4ED3-B2EF-F71641F3DD53}"
EndProject
Project("{9A19103F-16F7-4668-BE54-9A1E7A4F7556}") = "Laison.Lapis.Host", "host\Laison.Lapis.Host\Laison.Lapis.Host.csproj", "{689EC452-1D1A-4B68-A83F-261ABF0D5211}"
EndProject
Project("{9A19103F-16F7-4668-BE54-9A1E7A4F7556}") = "Laison.Lapis.Shared.Application", "src\Laison.Lapis.Shared.Application\Laison.Lapis.Shared.Application.csproj", "{9CA2B40E-A80A-4EC7-9837-369603124589}"
EndProject
Project("{9A19103F-16F7-4668-BE54-9A1E7A4F7556}") = "Laison.Lapis.Shared.HttpApi", "src\Laison.Lapis.Shared.HttpApi\Laison.Lapis.Shared.HttpApi.csproj", "{0B52A49E-66D5-4331-B7C7-A86757D0F506}"
EndProject
Project("{9A19103F-16F7-4668-BE54-9A1E7A4F7556}") = "Laison.Lapis.Shared.Host", "src\Laison.Lapis.Shared.Host\Laison.Lapis.Shared.Host.csproj", "{EFE354CC-04E6-4ADE-B96C-9B51E46F7916}"
EndProject
Project("{9A19103F-16F7-4668-BE54-9A1E7A4F7556}") = "Laison.Lapis.EntityFrameworkCore.Shared", "src\Laison.Lapis.Shared.EntityFrameworkCore\Laison.Lapis.EntityFrameworkCore.Shared.csproj", "{78A15C65-3DD8-4A0E-9F7E-87ACAD2D2F45}"
EndProject
Global
	GlobalSection(SolutionConfigurationPlatforms) = preSolution
		Debug|Any CPU = Debug|Any CPU
		Release|Any CPU = Release|Any CPU
	EndGlobalSection
	GlobalSection(ProjectConfigurationPlatforms) = postSolution
		{77636A27-D1EC-4ED3-B2EF-F71641F3DD53}.Debug|Any CPU.ActiveCfg = Debug|Any CPU
		{77636A27-D1EC-4ED3-B2EF-F71641F3DD53}.Debug|Any CPU.Build.0 = Debug|Any CPU
		{77636A27-D1EC-4ED3-B2EF-F71641F3DD53}.Release|Any CPU.ActiveCfg = Release|Any CPU
		{77636A27-D1EC-4ED3-B2EF-F71641F3DD53}.Release|Any CPU.Build.0 = Release|Any CPU
		{689EC452-1D1A-4B68-A83F-261ABF0D5211}.Debug|Any CPU.ActiveCfg = Debug|Any CPU
		{689EC452-1D1A-4B68-A83F-261ABF0D5211}.Debug|Any CPU.Build.0 = Debug|Any CPU
		{689EC452-1D1A-4B68-A83F-261ABF0D5211}.Release|Any CPU.ActiveCfg = Release|Any CPU
		{689EC452-1D1A-4B68-A83F-261ABF0D5211}.Release|Any CPU.Build.0 = Release|Any CPU
		{9CA2B40E-A80A-4EC7-9837-369603124589}.Debug|Any CPU.ActiveCfg = Debug|Any CPU
		{9CA2B40E-A80A-4EC7-9837-369603124589}.Debug|Any CPU.Build.0 = Debug|Any CPU
		{9CA2B40E-A80A-4EC7-9837-369603124589}.Release|Any CPU.ActiveCfg = Release|Any CPU
		{9CA2B40E-A80A-4EC7-9837-369603124589}.Release|Any CPU.Build.0 = Release|Any CPU
		{0B52A49E-66D5-4331-B7C7-A86757D0F506}.Debug|Any CPU.ActiveCfg = Debug|Any CPU
		{0B52A49E-66D5-4331-B7C7-A86757D0F506}.Debug|Any CPU.Build.0 = Debug|Any CPU
		{0B52A49E-66D5-4331-B7C7-A86757D0F506}.Release|Any CPU.ActiveCfg = Release|Any CPU
		{0B52A49E-66D5-4331-B7C7-A86757D0F506}.Release|Any CPU.Build.0 = Release|Any CPU
		{EFE354CC-04E6-4ADE-B96C-9B51E46F7916}.Debug|Any CPU.ActiveCfg = Debug|Any CPU
		{EFE354CC-04E6-4ADE-B96C-9B51E46F7916}.Debug|Any CPU.Build.0 = Debug|Any CPU
		{EFE354CC-04E6-4ADE-B96C-9B51E46F7916}.Release|Any CPU.ActiveCfg = Release|Any CPU
		{EFE354CC-04E6-4ADE-B96C-9B51E46F7916}.Release|Any CPU.Build.0 = Release|Any CPU
		{78A15C65-3DD8-4A0E-9F7E-87ACAD2D2F45}.Debug|Any CPU.ActiveCfg = Debug|Any CPU
		{78A15C65-3DD8-4A0E-9F7E-87ACAD2D2F45}.Debug|Any CPU.Build.0 = Debug|Any CPU
		{78A15C65-3DD8-4A0E-9F7E-87ACAD2D2F45}.Release|Any CPU.ActiveCfg = Release|Any CPU
		{78A15C65-3DD8-4A0E-9F7E-87ACAD2D2F45}.Release|Any CPU.Build.0 = Release|Any CPU
	EndGlobalSection
	GlobalSection(SolutionProperties) = preSolution
		HideSolutionNode = FALSE
	EndGlobalSection
	GlobalSection(NestedProjects) = preSolution
		{77636A27-D1EC-4ED3-B2EF-F71641F3DD53} = {170EBFB8-CBFD-482B-8499-F750BE9555F1}
		{689EC452-1D1A-4B68-A83F-261ABF0D5211} = {590F6D76-0705-46CE-BE04-3C7D8D2C5E65}
		{9CA2B40E-A80A-4EC7-9837-369603124589} = {170EBFB8-CBFD-482B-8499-F750BE9555F1}
		{0B52A49E-66D5-4331-B7C7-A86757D0F506} = {170EBFB8-CBFD-482B-8499-F750BE9555F1}
		{EFE354CC-04E6-4ADE-B96C-9B51E46F7916} = {170EBFB8-CBFD-482B-8499-F750BE9555F1}
		{78A15C65-3DD8-4A0E-9F7E-87ACAD2D2F45} = {170EBFB8-CBFD-482B-8499-F750BE9555F1}
	EndGlobalSection
	GlobalSection(ExtensibilityGlobals) = postSolution
		SolutionGuid = {99DDC05A-38D7-428A-9CF1-5D5AB741650B}
	EndGlobalSection
EndGlobal
